
Microsoft Visual Studio Solution File, Format Version 11.00
# Visual Studio 2010
Project("{FAE04EC0-301F-11D3-BF4B-00C04F79EFBC}") = "Utils", "Utils\Utils.csproj", "{8843737C-7B6B-4A1C-8B24-EB32D1E5E84A}"
EndProject
Project("{FAE04EC0-301F-11D3-BF4B-00C04F79EFBC}") = "PasCode", "PasCode\PasCode.csproj", "{C2D35409-F4F1-4220-8EBD-1768E66F9ED6}"
EndProject
Project("{FAE04EC0-301F-11D3-BF4B-00C04F79EFBC}") = "CsCode", "CsCode\CsCode.csproj", "{C9DF711D-1DDD-4DDF-A136-16E85A62C33F}"
EndProject
Project("{FAE04EC0-301F-11D3-BF4B-00C04F79EFBC}") = "DelphiToCSharp", "DelphiToCSharp\DelphiToCSharp.csproj", "{213B77EA-E633-4C5B-9A64-448CC466AD50}"
EndProject
Global
	GlobalSection(SolutionConfigurationPlatforms) = preSolution
		Debug|Any CPU = Debug|Any CPU
		Release|Any CPU = Release|Any CPU
	EndGlobalSection
	GlobalSection(ProjectConfigurationPlatforms) = postSolution
		{8843737C-7B6B-4A1C-8B24-EB32D1E5E84A}.Debug|Any CPU.ActiveCfg = Debug|Any CPU
		{8843737C-7B6B-4A1C-8B24-EB32D1E5E84A}.Debug|Any CPU.Build.0 = Debug|Any CPU
		{8843737C-7B6B-4A1C-8B24-EB32D1E5E84A}.Release|Any CPU.ActiveCfg = Release|Any CPU
		{8843737C-7B6B-4A1C-8B24-EB32D1E5E84A}.Release|Any CPU.Build.0 = Release|Any CPU
		{C2D35409-F4F1-4220-8EBD-1768E66F9ED6}.Debug|Any CPU.ActiveCfg = Debug|Any CPU
		{C2D35409-F4F1-4220-8EBD-1768E66F9ED6}.Debug|Any CPU.Build.0 = Debug|Any CPU
		{C2D35409-F4F1-4220-8EBD-1768E66F9ED6}.Release|Any CPU.ActiveCfg = Release|Any CPU
		{C2D35409-F4F1-4220-8EBD-1768E66F9ED6}.Release|Any CPU.Build.0 = Release|Any CPU
		{C9DF711D-1DDD-4DDF-A136-16E85A62C33F}.Debug|Any CPU.ActiveCfg = Debug|Any CPU
		{C9DF711D-1DDD-4DDF-A136-16E85A62C33F}.Debug|Any CPU.Build.0 = Debug|Any CPU
		{C9DF711D-1DDD-4DDF-A136-16E85A62C33F}.Release|Any CPU.ActiveCfg = Release|Any CPU
		{C9DF711D-1DDD-4DDF-A136-16E85A62C33F}.Release|Any CPU.Build.0 = Release|Any CPU
		{213B77EA-E633-4C5B-9A64-448CC466AD50}.Debug|Any CPU.ActiveCfg = Debug|Any CPU
		{213B77EA-E633-4C5B-9A64-448CC466AD50}.Debug|Any CPU.Build.0 = Debug|Any CPU
		{213B77EA-E633-4C5B-9A64-448CC466AD50}.Release|Any CPU.ActiveCfg = Release|Any CPU
		{213B77EA-E633-4C5B-9A64-448CC466AD50}.Release|Any CPU.Build.0 = Release|Any CPU
	EndGlobalSection
	GlobalSection(SolutionProperties) = preSolution
		HideSolutionNode = FALSE
	EndGlobalSection
EndGlobal
